
Microsoft Visual Studio Solution File, Format Version 12.00
# Visual Studio 15
VisualStudioVersion = 15.0.26730.8
MinimumVisualStudioVersion = 10.0.40219.1
Project("{FAE04EC0-301F-11D3-BF4B-00C04F79EFBC}") = "Task4_1", "Task4_1.csproj", "{7DACE53E-38BD-4EDB-93B4-727273816D7C}"
EndProject
Global
	GlobalSection(SolutionConfigurationPlatforms) = preSolution
		Debug|Any CPU = Debug|Any CPU
		Release|Any CPU = Release|Any CPU
	EndGlobalSection
	GlobalSection(ProjectConfigurationPlatforms) = postSolution
		{7DACE53E-38BD-4EDB-93B4-727273816D7C}.Debug|Any CPU.ActiveCfg = Debug|Any CPU
		{7DACE53E-38BD-4EDB-93B4-727273816D7C}.Debug|Any CPU.Build.0 = Debug|Any CPU
		{7DACE53E-38BD-4EDB-93B4-727273816D7C}.Release|Any CPU.ActiveCfg = Release|Any CPU
		{7DACE53E-38BD-4EDB-93B4-727273816D7C}.Release|Any CPU.Build.0 = Release|Any CPU
	EndGlobalSection
	GlobalSection(SolutionProperties) = preSolution
		HideSolutionNode = FALSE
	EndGlobalSection
	GlobalSection(ExtensibilityGlobals) = postSolution
		SolutionGuid = {CD3AEEDC-50FC-4D08-A751-DFCE8CA6241E}
	EndGlobalSection
EndGlobal
